
Microsoft Visual Studio Solution File, Format Version 11.00
# Visual Studio 2010
Project("{FAE04EC0-301F-11D3-BF4B-00C04F79EFBC}") = "Web", "Curso\Web.csproj", "{0B062045-A5BD-40FA-A75F-FCD4894EC221}"
EndProject
Project("{FAE04EC0-301F-11D3-BF4B-00C04F79EFBC}") = "Services", "Services\Services.csproj", "{D5C0C97B-85DA-4224-8F4D-09F2126238B1}"
EndProject
Project("{FAE04EC0-301F-11D3-BF4B-00C04F79EFBC}") = "Domain", "Domain\Domain.csproj", "{207BA717-B0A2-459F-A6F5-04BE0409B644}"
EndProject
Project("{FAE04EC0-301F-11D3-BF4B-00C04F79EFBC}") = "UnitTests", "UnitTests\UnitTests.csproj", "{56DAAFD9-EBF5-4108-828A-29BDA5F6F187}"
EndProject
Project("{2150E333-8FDC-42A3-9474-1A3956D46DE8}") = "Solution Items", "Solution Items", "{06BF806B-0C4F-485B-9A7B-51EC54EA5311}"
	ProjectSection(SolutionItems) = preProject
		Curso.vsmdi = Curso.vsmdi
		Local.testsettings = Local.testsettings
		TraceAndTestImpact.testsettings = TraceAndTestImpact.testsettings
	EndProjectSection
EndProject
Project("{FAE04EC0-301F-11D3-BF4B-00C04F79EFBC}") = "Repository", "Repository\Repository.csproj", "{15416914-119A-4E12-B0EA-FC353EA8EFA6}"
EndProject
Project("{FAE04EC0-301F-11D3-BF4B-00C04F79EFBC}") = "Domain.NH", "Domain.NH\Domain.NH.csproj", "{29166F46-2F86-42FB-A0A6-E3EAD211E7E1}"
EndProject
Global
	GlobalSection(TestCaseManagementSettings) = postSolution
		CategoryFile = Curso.vsmdi
	EndGlobalSection
	GlobalSection(SolutionConfigurationPlatforms) = preSolution
		Debug|Any CPU = Debug|Any CPU
		Release|Any CPU = Release|Any CPU
	EndGlobalSection
	GlobalSection(ProjectConfigurationPlatforms) = postSolution
		{0B062045-A5BD-40FA-A75F-FCD4894EC221}.Debug|Any CPU.ActiveCfg = Debug|Any CPU
		{0B062045-A5BD-40FA-A75F-FCD4894EC221}.Debug|Any CPU.Build.0 = Debug|Any CPU
		{0B062045-A5BD-40FA-A75F-FCD4894EC221}.Release|Any CPU.ActiveCfg = Release|Any CPU
		{0B062045-A5BD-40FA-A75F-FCD4894EC221}.Release|Any CPU.Build.0 = Release|Any CPU
		{D5C0C97B-85DA-4224-8F4D-09F2126238B1}.Debug|Any CPU.ActiveCfg = Debug|Any CPU
		{D5C0C97B-85DA-4224-8F4D-09F2126238B1}.Debug|Any CPU.Build.0 = Debug|Any CPU
		{D5C0C97B-85DA-4224-8F4D-09F2126238B1}.Release|Any CPU.ActiveCfg = Release|Any CPU
		{D5C0C97B-85DA-4224-8F4D-09F2126238B1}.Release|Any CPU.Build.0 = Release|Any CPU
		{207BA717-B0A2-459F-A6F5-04BE0409B644}.Debug|Any CPU.ActiveCfg = Debug|Any CPU
		{207BA717-B0A2-459F-A6F5-04BE0409B644}.Debug|Any CPU.Build.0 = Debug|Any CPU
		{207BA717-B0A2-459F-A6F5-04BE0409B644}.Release|Any CPU.ActiveCfg = Release|Any CPU
		{207BA717-B0A2-459F-A6F5-04BE0409B644}.Release|Any CPU.Build.0 = Release|Any CPU
		{56DAAFD9-EBF5-4108-828A-29BDA5F6F187}.Debug|Any CPU.ActiveCfg = Debug|Any CPU
		{56DAAFD9-EBF5-4108-828A-29BDA5F6F187}.Debug|Any CPU.Build.0 = Debug|Any CPU
		{56DAAFD9-EBF5-4108-828A-29BDA5F6F187}.Release|Any CPU.ActiveCfg = Release|Any CPU
		{56DAAFD9-EBF5-4108-828A-29BDA5F6F187}.Release|Any CPU.Build.0 = Release|Any CPU
		{15416914-119A-4E12-B0EA-FC353EA8EFA6}.Debug|Any CPU.ActiveCfg = Debug|Any CPU
		{15416914-119A-4E12-B0EA-FC353EA8EFA6}.Debug|Any CPU.Build.0 = Debug|Any CPU
		{15416914-119A-4E12-B0EA-FC353EA8EFA6}.Release|Any CPU.ActiveCfg = Release|Any CPU
		{15416914-119A-4E12-B0EA-FC353EA8EFA6}.Release|Any CPU.Build.0 = Release|Any CPU
		{29166F46-2F86-42FB-A0A6-E3EAD211E7E1}.Debug|Any CPU.ActiveCfg = Debug|Any CPU
		{29166F46-2F86-42FB-A0A6-E3EAD211E7E1}.Debug|Any CPU.Build.0 = Debug|Any CPU
		{29166F46-2F86-42FB-A0A6-E3EAD211E7E1}.Release|Any CPU.ActiveCfg = Release|Any CPU
		{29166F46-2F86-42FB-A0A6-E3EAD211E7E1}.Release|Any CPU.Build.0 = Release|Any CPU
	EndGlobalSection
	GlobalSection(SolutionProperties) = preSolution
		HideSolutionNode = FALSE
	EndGlobalSection
EndGlobal
